
Microsoft Visual Studio Solution File, Format Version 12.00
# Visual Studio Version 16
VisualStudioVersion = 16.0.29926.136
MinimumVisualStudioVersion = 10.0.40219.1
Project("{FAE04EC0-301F-11D3-BF4B-00C04F79EFBC}") = "MVCCoreApp", "MVCCoreApp\MVCCoreApp.csproj", "{B579EBA3-5243-4A3B-827D-E9F3CC0B2575}"
EndProject
Project("{FAE04EC0-301F-11D3-BF4B-00C04F79EFBC}") = "MvcCoreAppTests", "MvcCoreAppTests\MvcCoreAppTests.csproj", "{4B1D494A-59AC-4C97-B380-A8341D92859B}"
EndProject
Project("{FAE04EC0-301F-11D3-BF4B-00C04F79EFBC}") = "MVCCoreApp.Data", "MVCCoreApp.Data\MVCCoreApp.Data.csproj", "{B84EAA92-8522-4AEA-855F-1EE46AF85821}"
EndProject
Project("{FAE04EC0-301F-11D3-BF4B-00C04F79EFBC}") = "MVCCoreApp.Abstractions", "MVCCoreApp.Abstractions\MVCCoreApp.Abstractions.csproj", "{F400701F-F09B-497E-858B-38D421A7636C}"
EndProject
Global
	GlobalSection(SolutionConfigurationPlatforms) = preSolution
		Debug|Any CPU = Debug|Any CPU
		Release|Any CPU = Release|Any CPU
	EndGlobalSection
	GlobalSection(ProjectConfigurationPlatforms) = postSolution
		{B579EBA3-5243-4A3B-827D-E9F3CC0B2575}.Debug|Any CPU.ActiveCfg = Debug|Any CPU
		{B579EBA3-5243-4A3B-827D-E9F3CC0B2575}.Debug|Any CPU.Build.0 = Debug|Any CPU
		{B579EBA3-5243-4A3B-827D-E9F3CC0B2575}.Release|Any CPU.ActiveCfg = Release|Any CPU
		{B579EBA3-5243-4A3B-827D-E9F3CC0B2575}.Release|Any CPU.Build.0 = Release|Any CPU
		{4B1D494A-59AC-4C97-B380-A8341D92859B}.Debug|Any CPU.ActiveCfg = Debug|Any CPU
		{4B1D494A-59AC-4C97-B380-A8341D92859B}.Debug|Any CPU.Build.0 = Debug|Any CPU
		{4B1D494A-59AC-4C97-B380-A8341D92859B}.Release|Any CPU.ActiveCfg = Release|Any CPU
		{4B1D494A-59AC-4C97-B380-A8341D92859B}.Release|Any CPU.Build.0 = Release|Any CPU
		{B84EAA92-8522-4AEA-855F-1EE46AF85821}.Debug|Any CPU.ActiveCfg = Debug|Any CPU
		{B84EAA92-8522-4AEA-855F-1EE46AF85821}.Debug|Any CPU.Build.0 = Debug|Any CPU
		{B84EAA92-8522-4AEA-855F-1EE46AF85821}.Release|Any CPU.ActiveCfg = Release|Any CPU
		{B84EAA92-8522-4AEA-855F-1EE46AF85821}.Release|Any CPU.Build.0 = Release|Any CPU
		{F400701F-F09B-497E-858B-38D421A7636C}.Debug|Any CPU.ActiveCfg = Debug|Any CPU
		{F400701F-F09B-497E-858B-38D421A7636C}.Debug|Any CPU.Build.0 = Debug|Any CPU
		{F400701F-F09B-497E-858B-38D421A7636C}.Release|Any CPU.ActiveCfg = Release|Any CPU
		{F400701F-F09B-497E-858B-38D421A7636C}.Release|Any CPU.Build.0 = Release|Any CPU
	EndGlobalSection
	GlobalSection(SolutionProperties) = preSolution
		HideSolutionNode = FALSE
	EndGlobalSection
	GlobalSection(ExtensibilityGlobals) = postSolution
		SolutionGuid = {67E8732A-0F83-43D5-B137-425466A29D5B}
	EndGlobalSection
EndGlobal
